// !$*UTF8*$!
{
	archiveVersion = 1;
	classes = {
	};
	objectVersion = 56;
	objects = {

/* Begin PBXBuildFile section */
		810148C72BBCF98000803E2A /* FirebaseAnalytics in Frameworks */ = {isa = PBXBuildFile; productRef = 810148C62BBCF98000803E2A /* FirebaseAnalytics */; };
		810148C92BBCF98000803E2A /* FirebaseAnalyticsOnDeviceConversion in Frameworks */ = {isa = PBXBuildFile; productRef = 810148C82BBCF98000803E2A /* FirebaseAnalyticsOnDeviceConversion */; };
		810148CB2BBCF98000803E2A /* FirebaseAnalyticsSwift in Frameworks */ = {isa = PBXBuildFile; productRef = 810148CA2BBCF98000803E2A /* FirebaseAnalyticsSwift */; };
		810148CD2BBCF98000803E2A /* FirebaseAnalyticsWithoutAdIdSupport in Frameworks */ = {isa = PBXBuildFile; productRef = 810148CC2BBCF98000803E2A /* FirebaseAnalyticsWithoutAdIdSupport */; };
		810148CF2BBCF98000803E2A /* FirebaseAppCheck in Frameworks */ = {isa = PBXBuildFile; productRef = 810148CE2BBCF98000803E2A /* FirebaseAppCheck */; };
		814B9A3E2BBE0CCD00960D29 /*  MenuView.swift in Sources */ = {isa = PBXBuildFile; fileRef = 814B9A3D2BBE0CCD00960D29 /*  MenuView.swift */; };
		81CDAE672BB6614600108DD5 /* GoogleService-Info.plist in Resources */ = {isa = PBXBuildFile; fileRef = 81CDAE662BB6614600108DD5 /* GoogleService-Info.plist */; };
		81CDAE6A2BB6668D00108DD5 /* HeaderView.swift in Sources */ = {isa = PBXBuildFile; fileRef = 81CDAE692BB6668D00108DD5 /* HeaderView.swift */; };
		81CDAE6D2BB6684400108DD5 /* Constants.swift in Sources */ = {isa = PBXBuildFile; fileRef = 81CDAE6C2BB6684400108DD5 /* Constants.swift */; };
		834D88BA2BB0C82900656167 /* FirebaseAuth in Frameworks */ = {isa = PBXBuildFile; productRef = 834D88B92BB0C82900656167 /* FirebaseAuth */; };
		834D88BE2BB0C97200656167 /* AppDelegate.swift in Sources */ = {isa = PBXBuildFile; fileRef = 834D88BD2BB0C97200656167 /* AppDelegate.swift */; };
		834D88C02BB0CB5500656167 /* HomePageScreenView.swift in Sources */ = {isa = PBXBuildFile; fileRef = 834D88BF2BB0CB5500656167 /* HomePageScreenView.swift */; };
		8385C4462BCD87CE00A97444 /* ProductosScreen.swift in Sources */ = {isa = PBXBuildFile; fileRef = 8385C4452BCD87CE00A97444 /* ProductosScreen.swift */; };
		8385C4482BCD87F500A97444 /* AgregarTransac.swift in Sources */ = {isa = PBXBuildFile; fileRef = 8385C4472BCD87F500A97444 /* AgregarTransac.swift */; };
		8385C44A2BCD884500A97444 /* ReporteInventarioScreen.swift in Sources */ = {isa = PBXBuildFile; fileRef = 8385C4492BCD884500A97444 /* ReporteInventarioScreen.swift */; };
		8385C44C2BCD886F00A97444 /* ReporteTransac.swift in Sources */ = {isa = PBXBuildFile; fileRef = 8385C44B2BCD886F00A97444 /* ReporteTransac.swift */; };
		8385C44E2BCDB8B600A97444 /* SessionManager.swift in Sources */ = {isa = PBXBuildFile; fileRef = 8385C44D2BCDB8B600A97444 /* SessionManager.swift */; };
		8385C4692BCE12DD00A97444 /* CreacionUsuarios.swift in Sources */ = {isa = PBXBuildFile; fileRef = 8385C4682BCE12DD00A97444 /* CreacionUsuarios.swift */; };
		83AAEA2A2BF26D750077D9B2 /* ProductoModel.swift in Sources */ = {isa = PBXBuildFile; fileRef = 83AAEA292BF26D750077D9B2 /* ProductoModel.swift */; };
		83AAEA2C2BF26DD10077D9B2 /* fetchProductos.swift in Sources */ = {isa = PBXBuildFile; fileRef = 83AAEA2B2BF26DD10077D9B2 /* fetchProductos.swift */; };
		83AAEA2F2BF26FED0077D9B2 /* SDWebImageSwiftUI in Frameworks */ = {isa = PBXBuildFile; productRef = 83AAEA2E2BF26FED0077D9B2 /* SDWebImageSwiftUI */; };
		83AAEA312BF28ECE0077D9B2 /* printProductList.swift in Sources */ = {isa = PBXBuildFile; fileRef = 83AAEA302BF28ECE0077D9B2 /* printProductList.swift */; };
		83AAEA332BF2C7CF0077D9B2 /* TransaccionModel.swift in Sources */ = {isa = PBXBuildFile; fileRef = 83AAEA322BF2C7CF0077D9B2 /* TransaccionModel.swift */; };
		83AAEA352BF2C7E60077D9B2 /* fetchTransacciones.swift in Sources */ = {isa = PBXBuildFile; fileRef = 83AAEA342BF2C7E60077D9B2 /* fetchTransacciones.swift */; };
		83AAEA372BF2C7FA0077D9B2 /* printTransaccionList.swift in Sources */ = {isa = PBXBuildFile; fileRef = 83AAEA362BF2C7FA0077D9B2 /* printTransaccionList.swift */; };
		83AAEA392BF303E50077D9B2 /* VerUsuarios.swift in Sources */ = {isa = PBXBuildFile; fileRef = 83AAEA382BF303E50077D9B2 /* VerUsuarios.swift */; };
		83AAEA3B2BF305CA0077D9B2 /* UsuarioModel.swift in Sources */ = {isa = PBXBuildFile; fileRef = 83AAEA3A2BF305CA0077D9B2 /* UsuarioModel.swift */; };
		83AAEA3D2BF306250077D9B2 /* fetchUsuarios.swift in Sources */ = {isa = PBXBuildFile; fileRef = 83AAEA3C2BF306250077D9B2 /* fetchUsuarios.swift */; };
		83B4CD7B2BFB98F200CEB06F /* DetalleProductos.swift in Sources */ = {isa = PBXBuildFile; fileRef = 83B4CD7A2BFB98F200CEB06F /* DetalleProductos.swift */; };
		83B4CD7D2BFBA85E00CEB06F /* DetalleProductoView.swift in Sources */ = {isa = PBXBuildFile; fileRef = 83B4CD7C2BFBA85E00CEB06F /* DetalleProductoView.swift */; };
		83CAF4C22BCEC13B003F6962 /* ImagePicker.swift in Sources */ = {isa = PBXBuildFile; fileRef = 83CAF4C12BCEC13B003F6962 /* ImagePicker.swift */; };
		83CAF4C42BCED593003F6962 /* FirebaseDatabase in Frameworks */ = {isa = PBXBuildFile; productRef = 83CAF4C32BCED593003F6962 /* FirebaseDatabase */; };
		83CAF4C62BCED593003F6962 /* FirebaseFirestore in Frameworks */ = {isa = PBXBuildFile; productRef = 83CAF4C52BCED593003F6962 /* FirebaseFirestore */; };
		83CAF4C82BCED593003F6962 /* FirebaseStorage in Frameworks */ = {isa = PBXBuildFile; productRef = 83CAF4C72BCED593003F6962 /* FirebaseStorage */; };
		83CF06632BD38650007F0A7B /* CambiarContrasena.swift in Sources */ = {isa = PBXBuildFile; fileRef = 83CF06622BD38650007F0A7B /* CambiarContrasena.swift */; };
		83E728872BB088F100ADCEB2 /* inventoryproiosApp.swift in Sources */ = {isa = PBXBuildFile; fileRef = 83E728862BB088F100ADCEB2 /* inventoryproiosApp.swift */; };
		83E728892BB088F100ADCEB2 /* ContentView.swift in Sources */ = {isa = PBXBuildFile; fileRef = 83E728882BB088F100ADCEB2 /* ContentView.swift */; };
		83E7288B2BB088F300ADCEB2 /* Assets.xcassets in Resources */ = {isa = PBXBuildFile; fileRef = 83E7288A2BB088F300ADCEB2 /* Assets.xcassets */; };
		83E7288E2BB088F300ADCEB2 /* Preview Assets.xcassets in Resources */ = {isa = PBXBuildFile; fileRef = 83E7288D2BB088F300ADCEB2 /* Preview Assets.xcassets */; };
		83E728A22BB088F300ADCEB2 /* inventoryproiosUITests.swift in Sources */ = {isa = PBXBuildFile; fileRef = 83E728A12BB088F300ADCEB2 /* inventoryproiosUITests.swift */; };
		83E728A42BB088F300ADCEB2 /* inventoryproiosUITestsLaunchTests.swift in Sources */ = {isa = PBXBuildFile; fileRef = 83E728A32BB088F300ADCEB2 /* inventoryproiosUITestsLaunchTests.swift */; };
		83E728B12BB08ABD00ADCEB2 /* WelcomeScreenView.swift in Sources */ = {isa = PBXBuildFile; fileRef = 83E728B02BB08ABD00ADCEB2 /* WelcomeScreenView.swift */; };
		83E728B32BB08BB700ADCEB2 /* SignInScreenView.swift in Sources */ = {isa = PBXBuildFile; fileRef = 83E728B22BB08BB700ADCEB2 /* SignInScreenView.swift */; };
/* End PBXBuildFile section */

/* Begin PBXContainerItemProxy section */
		83E728942BB088F300ADCEB2 /* PBXContainerItemProxy */ = {
			isa = PBXContainerItemProxy;
			containerPortal = 83E7287B2BB088F100ADCEB2 /* Project object */;
			proxyType = 1;
			remoteGlobalIDString = 83E728822BB088F100ADCEB2;
			remoteInfo = inventoryproios;
		};
		83E7289E2BB088F300ADCEB2 /* PBXContainerItemProxy */ = {
			isa = PBXContainerItemProxy;
			containerPortal = 83E7287B2BB088F100ADCEB2 /* Project object */;
			proxyType = 1;
			remoteGlobalIDString = 83E728822BB088F100ADCEB2;
			remoteInfo = inventoryproios;
		};
/* End PBXContainerItemProxy section */

/* Begin PBXFileReference section */
		814B9A3D2BBE0CCD00960D29 /*  MenuView.swift */ = {isa = PBXFileReference; lastKnownFileType = sourcecode.swift; path = " MenuView.swift"; sourceTree = "<group>"; };
		81CDAE662BB6614600108DD5 /* GoogleService-Info.plist */ = {isa = PBXFileReference; fileEncoding = 4; lastKnownFileType = text.plist.xml; path = "GoogleService-Info.plist"; sourceTree = "<group>"; };
		81CDAE692BB6668D00108DD5 /* HeaderView.swift */ = {isa = PBXFileReference; lastKnownFileType = sourcecode.swift; path = HeaderView.swift; sourceTree = "<group>"; };
		81CDAE6C2BB6684400108DD5 /* Constants.swift */ = {isa = PBXFileReference; lastKnownFileType = sourcecode.swift; path = Constants.swift; sourceTree = "<group>"; };
		834D88BD2BB0C97200656167 /* AppDelegate.swift */ = {isa = PBXFileReference; lastKnownFileType = sourcecode.swift; path = AppDelegate.swift; sourceTree = "<group>"; };
		834D88BF2BB0CB5500656167 /* HomePageScreenView.swift */ = {isa = PBXFileReference; lastKnownFileType = sourcecode.swift; path = HomePageScreenView.swift; sourceTree = "<group>"; };
		8385C4452BCD87CE00A97444 /* ProductosScreen.swift */ = {isa = PBXFileReference; lastKnownFileType = sourcecode.swift; path = ProductosScreen.swift; sourceTree = "<group>"; };
		8385C4472BCD87F500A97444 /* AgregarTransac.swift */ = {isa = PBXFileReference; lastKnownFileType = sourcecode.swift; path = AgregarTransac.swift; sourceTree = "<group>"; };
		8385C4492BCD884500A97444 /* ReporteInventarioScreen.swift */ = {isa = PBXFileReference; lastKnownFileType = sourcecode.swift; path = ReporteInventarioScreen.swift; sourceTree = "<group>"; };
		8385C44B2BCD886F00A97444 /* ReporteTransac.swift */ = {isa = PBXFileReference; lastKnownFileType = sourcecode.swift; name = ReporteTransac.swift; path = encabezado/ReporteTransac.swift; sourceTree = SOURCE_ROOT; };
		8385C44D2BCDB8B600A97444 /* SessionManager.swift */ = {isa = PBXFileReference; lastKnownFileType = sourcecode.swift; path = SessionManager.swift; sourceTree = "<group>"; };
		8385C45F2BCDDE5D00A97444 /* inventoryproiosTests-Bridging-Header.h */ = {isa = PBXFileReference; lastKnownFileType = sourcecode.c.h; path = "inventoryproiosTests-Bridging-Header.h"; sourceTree = "<group>"; };
		8385C4682BCE12DD00A97444 /* CreacionUsuarios.swift */ = {isa = PBXFileReference; lastKnownFileType = sourcecode.swift; path = CreacionUsuarios.swift; sourceTree = "<group>"; };
		83AAEA292BF26D750077D9B2 /* ProductoModel.swift */ = {isa = PBXFileReference; lastKnownFileType = sourcecode.swift; path = ProductoModel.swift; sourceTree = "<group>"; };
		83AAEA2B2BF26DD10077D9B2 /* fetchProductos.swift */ = {isa = PBXFileReference; lastKnownFileType = sourcecode.swift; path = fetchProductos.swift; sourceTree = "<group>"; };
		83AAEA302BF28ECE0077D9B2 /* printProductList.swift */ = {isa = PBXFileReference; lastKnownFileType = sourcecode.swift; path = printProductList.swift; sourceTree = "<group>"; };
		83AAEA322BF2C7CF0077D9B2 /* TransaccionModel.swift */ = {isa = PBXFileReference; lastKnownFileType = sourcecode.swift; path = TransaccionModel.swift; sourceTree = "<group>"; };
		83AAEA342BF2C7E60077D9B2 /* fetchTransacciones.swift */ = {isa = PBXFileReference; lastKnownFileType = sourcecode.swift; path = fetchTransacciones.swift; sourceTree = "<group>"; };
		83AAEA362BF2C7FA0077D9B2 /* printTransaccionList.swift */ = {isa = PBXFileReference; lastKnownFileType = sourcecode.swift; path = printTransaccionList.swift; sourceTree = "<group>"; };
		83AAEA382BF303E50077D9B2 /* VerUsuarios.swift */ = {isa = PBXFileReference; lastKnownFileType = sourcecode.swift; path = VerUsuarios.swift; sourceTree = "<group>"; };
		83AAEA3A2BF305CA0077D9B2 /* UsuarioModel.swift */ = {isa = PBXFileReference; lastKnownFileType = sourcecode.swift; path = UsuarioModel.swift; sourceTree = "<group>"; };
		83AAEA3C2BF306250077D9B2 /* fetchUsuarios.swift */ = {isa = PBXFileReference; lastKnownFileType = sourcecode.swift; path = fetchUsuarios.swift; sourceTree = "<group>"; };
		83B4CD7A2BFB98F200CEB06F /* DetalleProductos.swift */ = {isa = PBXFileReference; lastKnownFileType = sourcecode.swift; path = DetalleProductos.swift; sourceTree = "<group>"; };
		83B4CD7C2BFBA85E00CEB06F /* DetalleProductoView.swift */ = {isa = PBXFileReference; lastKnownFileType = sourcecode.swift; path = DetalleProductoView.swift; sourceTree = "<group>"; };
		83CAF4C12BCEC13B003F6962 /* ImagePicker.swift */ = {isa = PBXFileReference; lastKnownFileType = sourcecode.swift; path = ImagePicker.swift; sourceTree = "<group>"; };
		83CF06622BD38650007F0A7B /* CambiarContrasena.swift */ = {isa = PBXFileReference; lastKnownFileType = sourcecode.swift; path = CambiarContrasena.swift; sourceTree = "<group>"; };
		83E728832BB088F100ADCEB2 /* inventoryproios.app */ = {isa = PBXFileReference; explicitFileType = wrapper.application; includeInIndex = 0; path = inventoryproios.app; sourceTree = BUILT_PRODUCTS_DIR; };
		83E728862BB088F100ADCEB2 /* inventoryproiosApp.swift */ = {isa = PBXFileReference; lastKnownFileType = sourcecode.swift; path = inventoryproiosApp.swift; sourceTree = "<group>"; };
		83E728882BB088F100ADCEB2 /* ContentView.swift */ = {isa = PBXFileReference; lastKnownFileType = sourcecode.swift; path = ContentView.swift; sourceTree = "<group>"; };
		83E7288A2BB088F300ADCEB2 /* Assets.xcassets */ = {isa = PBXFileReference; lastKnownFileType = folder.assetcatalog; path = Assets.xcassets; sourceTree = "<group>"; };
		83E7288D2BB088F300ADCEB2 /* Preview Assets.xcassets */ = {isa = PBXFileReference; lastKnownFileType = folder.assetcatalog; path = "Preview Assets.xcassets"; sourceTree = "<group>"; };
		83E728932BB088F300ADCEB2 /* inventoryproiosTests.xctest */ = {isa = PBXFileReference; explicitFileType = wrapper.cfbundle; includeInIndex = 0; path = inventoryproiosTests.xctest; sourceTree = BUILT_PRODUCTS_DIR; };
		83E7289D2BB088F300ADCEB2 /* inventoryproiosUITests.xctest */ = {isa = PBXFileReference; explicitFileType = wrapper.cfbundle; includeInIndex = 0; path = inventoryproiosUITests.xctest; sourceTree = BUILT_PRODUCTS_DIR; };
		83E728A12BB088F300ADCEB2 /* inventoryproiosUITests.swift */ = {isa = PBXFileReference; lastKnownFileType = sourcecode.swift; path = inventoryproiosUITests.swift; sourceTree = "<group>"; };
		83E728A32BB088F300ADCEB2 /* inventoryproiosUITestsLaunchTests.swift */ = {isa = PBXFileReference; lastKnownFileType = sourcecode.swift; path = inventoryproiosUITestsLaunchTests.swift; sourceTree = "<group>"; };
		83E728B02BB08ABD00ADCEB2 /* WelcomeScreenView.swift */ = {isa = PBXFileReference; lastKnownFileType = sourcecode.swift; path = WelcomeScreenView.swift; sourceTree = "<group>"; };
		83E728B22BB08BB700ADCEB2 /* SignInScreenView.swift */ = {isa = PBXFileReference; lastKnownFileType = sourcecode.swift; path = SignInScreenView.swift; sourceTree = "<group>"; };
/* End PBXFileReference section */

/* Begin PBXFrameworksBuildPhase section */
		83E728802BB088F100ADCEB2 /* Frameworks */ = {
			isa = PBXFrameworksBuildPhase;
			buildActionMask = 2147483647;
			files = (
				83AAEA2F2BF26FED0077D9B2 /* SDWebImageSwiftUI in Frameworks */,
				810148CB2BBCF98000803E2A /* FirebaseAnalyticsSwift in Frameworks */,
				810148CD2BBCF98000803E2A /* FirebaseAnalyticsWithoutAdIdSupport in Frameworks */,
				83CAF4C82BCED593003F6962 /* FirebaseStorage in Frameworks */,
				810148C72BBCF98000803E2A /* FirebaseAnalytics in Frameworks */,
				810148C92BBCF98000803E2A /* FirebaseAnalyticsOnDeviceConversion in Frameworks */,
				810148CF2BBCF98000803E2A /* FirebaseAppCheck in Frameworks */,
				83CAF4C62BCED593003F6962 /* FirebaseFirestore in Frameworks */,
				83CAF4C42BCED593003F6962 /* FirebaseDatabase in Frameworks */,
				834D88BA2BB0C82900656167 /* FirebaseAuth in Frameworks */,
			);
			runOnlyForDeploymentPostprocessing = 0;
		};
		83E728902BB088F300ADCEB2 /* Frameworks */ = {
			isa = PBXFrameworksBuildPhase;
			buildActionMask = 2147483647;
			files = (
			);
			runOnlyForDeploymentPostprocessing = 0;
		};
		83E7289A2BB088F300ADCEB2 /* Frameworks */ = {
			isa = PBXFrameworksBuildPhase;
			buildActionMask = 2147483647;
			files = (
			);
			runOnlyForDeploymentPostprocessing = 0;
		};
/* End PBXFrameworksBuildPhase section */

/* Begin PBXGroup section */
		814B9A3C2BBE0CA900960D29 /* sidebar */ = {
			isa = PBXGroup;
			children = (
				814B9A3D2BBE0CCD00960D29 /*  MenuView.swift */,
			);
			path = sidebar;
			sourceTree = "<group>";
		};
		81CDAE682BB6665A00108DD5 /* encabezado */ = {
			isa = PBXGroup;
			children = (
				81CDAE692BB6668D00108DD5 /* HeaderView.swift */,
			);
			path = encabezado;
			sourceTree = "<group>";
		};
		81CDAE6B2BB6683000108DD5 /* utilidades */ = {
			isa = PBXGroup;
			children = (
				81CDAE6C2BB6684400108DD5 /* Constants.swift */,
			);
			path = utilidades;
			sourceTree = "<group>";
		};
		83E7287A2BB088F100ADCEB2 = {
			isa = PBXGroup;
			children = (
				814B9A3C2BBE0CA900960D29 /* sidebar */,
				81CDAE6B2BB6683000108DD5 /* utilidades */,
				81CDAE682BB6665A00108DD5 /* encabezado */,
				83E728852BB088F100ADCEB2 /* inventoryproios */,
				83E728A02BB088F300ADCEB2 /* inventoryproiosUITests */,
				83E728842BB088F100ADCEB2 /* Products */,
			);
			sourceTree = "<group>";
		};
		83E728842BB088F100ADCEB2 /* Products */ = {
			isa = PBXGroup;
			children = (
				83E728832BB088F100ADCEB2 /* inventoryproios.app */,
				83E728932BB088F300ADCEB2 /* inventoryproiosTests.xctest */,
				83E7289D2BB088F300ADCEB2 /* inventoryproiosUITests.xctest */,
			);
			name = Products;
			sourceTree = "<group>";
		};
		83E728852BB088F100ADCEB2 /* inventoryproios */ = {
			isa = PBXGroup;
			children = (
				83E728862BB088F100ADCEB2 /* inventoryproiosApp.swift */,
				83E728882BB088F100ADCEB2 /* ContentView.swift */,
				83E7288A2BB088F300ADCEB2 /* Assets.xcassets */,
				834D88BD2BB0C97200656167 /* AppDelegate.swift */,
				83E7288C2BB088F300ADCEB2 /* Preview Content */,
				83E728B02BB08ABD00ADCEB2 /* WelcomeScreenView.swift */,
				8385C44D2BCDB8B600A97444 /* SessionManager.swift */,
				83E728B22BB08BB700ADCEB2 /* SignInScreenView.swift */,
				834D88BF2BB0CB5500656167 /* HomePageScreenView.swift */,
				81CDAE662BB6614600108DD5 /* GoogleService-Info.plist */,
				8385C4452BCD87CE00A97444 /* ProductosScreen.swift */,
				8385C4682BCE12DD00A97444 /* CreacionUsuarios.swift */,
				8385C4472BCD87F500A97444 /* AgregarTransac.swift */,
				8385C4492BCD884500A97444 /* ReporteInventarioScreen.swift */,
				8385C44B2BCD886F00A97444 /* ReporteTransac.swift */,
				83CAF4C12BCEC13B003F6962 /* ImagePicker.swift */,
			);
			path = inventoryproios;
			sourceTree = "<group>";
		};
		83E7288C2BB088F300ADCEB2 /* Preview Content */ = {
			isa = PBXGroup;
			children = (
				83E7288D2BB088F300ADCEB2 /* Preview Assets.xcassets */,
				8385C45F2BCDDE5D00A97444 /* inventoryproiosTests-Bridging-Header.h */,
				83CF06622BD38650007F0A7B /* CambiarContrasena.swift */,
				83AAEA292BF26D750077D9B2 /* ProductoModel.swift */,
				83AAEA2B2BF26DD10077D9B2 /* fetchProductos.swift */,
				83AAEA302BF28ECE0077D9B2 /* printProductList.swift */,
				83AAEA322BF2C7CF0077D9B2 /* TransaccionModel.swift */,
				83AAEA342BF2C7E60077D9B2 /* fetchTransacciones.swift */,
				83AAEA362BF2C7FA0077D9B2 /* printTransaccionList.swift */,
				83AAEA382BF303E50077D9B2 /* VerUsuarios.swift */,
				83AAEA3A2BF305CA0077D9B2 /* UsuarioModel.swift */,
				83AAEA3C2BF306250077D9B2 /* fetchUsuarios.swift */,
				83B4CD7A2BFB98F200CEB06F /* DetalleProductos.swift */,
				83B4CD7C2BFBA85E00CEB06F /* DetalleProductoView.swift */,
			);
			path = "Preview Content";
			sourceTree = "<group>";
		};
		83E728A02BB088F300ADCEB2 /* inventoryproiosUITests */ = {
			isa = PBXGroup;
			children = (
				83E728A12BB088F300ADCEB2 /* inventoryproiosUITests.swift */,
				83E728A32BB088F300ADCEB2 /* inventoryproiosUITestsLaunchTests.swift */,
			);
			path = inventoryproiosUITests;
			sourceTree = "<group>";
		};
/* End PBXGroup section */

/* Begin PBXNativeTarget section */
		83E728822BB088F100ADCEB2 /* inventoryproios */ = {
			isa = PBXNativeTarget;
			buildConfigurationList = 83E728A72BB088F300ADCEB2 /* Build configuration list for PBXNativeTarget "inventoryproios" */;
			buildPhases = (
				83E7287F2BB088F100ADCEB2 /* Sources */,
				83E728802BB088F100ADCEB2 /* Frameworks */,
				83E728812BB088F100ADCEB2 /* Resources */,
			);
			buildRules = (
			);
			dependencies = (
			);
			name = inventoryproios;
			packageProductDependencies = (
				834D88B92BB0C82900656167 /* FirebaseAuth */,
				810148C62BBCF98000803E2A /* FirebaseAnalytics */,
				810148C82BBCF98000803E2A /* FirebaseAnalyticsOnDeviceConversion */,
				810148CA2BBCF98000803E2A /* FirebaseAnalyticsSwift */,
				810148CC2BBCF98000803E2A /* FirebaseAnalyticsWithoutAdIdSupport */,
				810148CE2BBCF98000803E2A /* FirebaseAppCheck */,
				83CAF4C32BCED593003F6962 /* FirebaseDatabase */,
				83CAF4C52BCED593003F6962 /* FirebaseFirestore */,
				83CAF4C72BCED593003F6962 /* FirebaseStorage */,
				83AAEA2E2BF26FED0077D9B2 /* SDWebImageSwiftUI */,
			);
			productName = inventoryproios;
			productReference = 83E728832BB088F100ADCEB2 /* inventoryproios.app */;
			productType = "com.apple.product-type.application";
		};
		83E728922BB088F300ADCEB2 /* inventoryproiosTests */ = {
			isa = PBXNativeTarget;
			buildConfigurationList = 83E728AA2BB088F300ADCEB2 /* Build configuration list for PBXNativeTarget "inventoryproiosTests" */;
			buildPhases = (
				83E7288F2BB088F300ADCEB2 /* Sources */,
				83E728902BB088F300ADCEB2 /* Frameworks */,
				83E728912BB088F300ADCEB2 /* Resources */,
			);
			buildRules = (
			);
			dependencies = (
				83E728952BB088F300ADCEB2 /* PBXTargetDependency */,
			);
			name = inventoryproiosTests;
			productName = inventoryproiosTests;
			productReference = 83E728932BB088F300ADCEB2 /* inventoryproiosTests.xctest */;
			productType = "com.apple.product-type.bundle.unit-test";
		};
		83E7289C2BB088F300ADCEB2 /* inventoryproiosUITests */ = {
			isa = PBXNativeTarget;
			buildConfigurationList = 83E728AD2BB088F300ADCEB2 /* Build configuration list for PBXNativeTarget "inventoryproiosUITests" */;
			buildPhases = (
				83E728992BB088F300ADCEB2 /* Sources */,
				83E7289A2BB088F300ADCEB2 /* Frameworks */,
				83E7289B2BB088F300ADCEB2 /* Resources */,
			);
			buildRules = (
			);
			dependencies = (
				83E7289F2BB088F300ADCEB2 /* PBXTargetDependency */,
			);
			name = inventoryproiosUITests;
			productName = inventoryproiosUITests;
			productReference = 83E7289D2BB088F300ADCEB2 /* inventoryproiosUITests.xctest */;
			productType = "com.apple.product-type.bundle.ui-testing";
		};
/* End PBXNativeTarget section */

/* Begin PBXProject section */
		83E7287B2BB088F100ADCEB2 /* Project object */ = {
			isa = PBXProject;
			attributes = {
				BuildIndependentTargetsInParallel = 1;
				LastSwiftUpdateCheck = 1530;
				LastUpgradeCheck = 1530;
				TargetAttributes = {
					83E728822BB088F100ADCEB2 = {
						CreatedOnToolsVersion = 15.3;
					};
					83E728922BB088F300ADCEB2 = {
						CreatedOnToolsVersion = 15.3;
						LastSwiftMigration = 1530;
						TestTargetID = 83E728822BB088F100ADCEB2;
					};
					83E7289C2BB088F300ADCEB2 = {
						CreatedOnToolsVersion = 15.3;
						TestTargetID = 83E728822BB088F100ADCEB2;
					};
				};
			};
			buildConfigurationList = 83E7287E2BB088F100ADCEB2 /* Build configuration list for PBXProject "inventoryproios" */;
			compatibilityVersion = "Xcode 14.0";
			developmentRegion = en;
			hasScannedForEncodings = 0;
			knownRegions = (
				en,
				Base,
			);
			mainGroup = 83E7287A2BB088F100ADCEB2;
			packageReferences = (
				834D88B82BB0C82900656167 /* XCRemoteSwiftPackageReference "firebase-ios-sdk" */,
				8385C4582BCDC7C200A97444 /* XCRemoteSwiftPackageReference "Toast-Swift" */,
				83AAEA2D2BF26FED0077D9B2 /* XCRemoteSwiftPackageReference "SDWebImageSwiftUI" */,
			);
			productRefGroup = 83E728842BB088F100ADCEB2 /* Products */;
			projectDirPath = "";
			projectRoot = "";
			targets = (
				83E728822BB088F100ADCEB2 /* inventoryproios */,
				83E728922BB088F300ADCEB2 /* inventoryproiosTests */,
				83E7289C2BB088F300ADCEB2 /* inventoryproiosUITests */,
			);
		};
/* End PBXProject section */

/* Begin PBXResourcesBuildPhase section */
		83E728812BB088F100ADCEB2 /* Resources */ = {
			isa = PBXResourcesBuildPhase;
			buildActionMask = 2147483647;
			files = (
				83E7288E2BB088F300ADCEB2 /* Preview Assets.xcassets in Resources */,
				83E7288B2BB088F300ADCEB2 /* Assets.xcassets in Resources */,
				81CDAE672BB6614600108DD5 /* GoogleService-Info.plist in Resources */,
			);
			runOnlyForDeploymentPostprocessing = 0;
		};
		83E728912BB088F300ADCEB2 /* Resources */ = {
			isa = PBXResourcesBuildPhase;
			buildActionMask = 2147483647;
			files = (
			);
			runOnlyForDeploymentPostprocessing = 0;
		};
		83E7289B2BB088F300ADCEB2 /* Resources */ = {
			isa = PBXResourcesBuildPhase;
			buildActionMask = 2147483647;
			files = (
			);
			runOnlyForDeploymentPostprocessing = 0;
		};
/* End PBXResourcesBuildPhase section */

/* Begin PBXSourcesBuildPhase section */
		83E7287F2BB088F100ADCEB2 /* Sources */ = {
			isa = PBXSourcesBuildPhase;
			buildActionMask = 2147483647;
			files = (
				83E728B32BB08BB700ADCEB2 /* SignInScreenView.swift in Sources */,
				83CF06632BD38650007F0A7B /* CambiarContrasena.swift in Sources */,
				814B9A3E2BBE0CCD00960D29 /*  MenuView.swift in Sources */,
				83AAEA332BF2C7CF0077D9B2 /* TransaccionModel.swift in Sources */,
				83AAEA2A2BF26D750077D9B2 /* ProductoModel.swift in Sources */,
				83E728B12BB08ABD00ADCEB2 /* WelcomeScreenView.swift in Sources */,
				8385C4462BCD87CE00A97444 /* ProductosScreen.swift in Sources */,
				8385C44C2BCD886F00A97444 /* ReporteTransac.swift in Sources */,
				8385C44A2BCD884500A97444 /* ReporteInventarioScreen.swift in Sources */,
				8385C44E2BCDB8B600A97444 /* SessionManager.swift in Sources */,
				834D88C02BB0CB5500656167 /* HomePageScreenView.swift in Sources */,
				83AAEA372BF2C7FA0077D9B2 /* printTransaccionList.swift in Sources */,
				83E728892BB088F100ADCEB2 /* ContentView.swift in Sources */,
				834D88BE2BB0C97200656167 /* AppDelegate.swift in Sources */,
				83B4CD7D2BFBA85E00CEB06F /* DetalleProductoView.swift in Sources */,
				83AAEA352BF2C7E60077D9B2 /* fetchTransacciones.swift in Sources */,
				83AAEA2C2BF26DD10077D9B2 /* fetchProductos.swift in Sources */,
				81CDAE6D2BB6684400108DD5 /* Constants.swift in Sources */,
				8385C4692BCE12DD00A97444 /* CreacionUsuarios.swift in Sources */,
				83E728872BB088F100ADCEB2 /* inventoryproiosApp.swift in Sources */,
				83CAF4C22BCEC13B003F6962 /* ImagePicker.swift in Sources */,
				83AAEA392BF303E50077D9B2 /* VerUsuarios.swift in Sources */,
				83B4CD7B2BFB98F200CEB06F /* DetalleProductos.swift in Sources */,
				83AAEA3D2BF306250077D9B2 /* fetchUsuarios.swift in Sources */,
				83AAEA312BF28ECE0077D9B2 /* printProductList.swift in Sources */,
				83AAEA3B2BF305CA0077D9B2 /* UsuarioModel.swift in Sources */,
				8385C4482BCD87F500A97444 /* AgregarTransac.swift in Sources */,
				81CDAE6A2BB6668D00108DD5 /* HeaderView.swift in Sources */,
			);
			runOnlyForDeploymentPostprocessing = 0;
		};
		83E7288F2BB088F300ADCEB2 /* Sources */ = {
			isa = PBXSourcesBuildPhase;
			buildActionMask = 2147483647;
			files = (
			);
			runOnlyForDeploymentPostprocessing = 0;
		};
		83E728992BB088F300ADCEB2 /* Sources */ = {
			isa = PBXSourcesBuildPhase;
			buildActionMask = 2147483647;
			files = (
				83E728A22BB088F300ADCEB2 /* inventoryproiosUITests.swift in Sources */,
				83E728A42BB088F300ADCEB2 /* inventoryproiosUITestsLaunchTests.swift in Sources */,
			);
			runOnlyForDeploymentPostprocessing = 0;
		};
/* End PBXSourcesBuildPhase section */

/* Begin PBXTargetDependency section */
		83E728952BB088F300ADCEB2 /* PBXTargetDependency */ = {
			isa = PBXTargetDependency;
			target = 83E728822BB088F100ADCEB2 /* inventoryproios */;
			targetProxy = 83E728942BB088F300ADCEB2 /* PBXContainerItemProxy */;
		};
		83E7289F2BB088F300ADCEB2 /* PBXTargetDependency */ = {
			isa = PBXTargetDependency;
			target = 83E728822BB088F100ADCEB2 /* inventoryproios */;
			targetProxy = 83E7289E2BB088F300ADCEB2 /* PBXContainerItemProxy */;
		};
/* End PBXTargetDependency section */

/* Begin XCBuildConfiguration section */
		83E728A52BB088F300ADCEB2 /* Debug */ = {
			isa = XCBuildConfiguration;
			buildSettings = {
				ALWAYS_SEARCH_USER_PATHS = NO;
				ASSETCATALOG_COMPILER_GENERATE_SWIFT_ASSET_SYMBOL_EXTENSIONS = YES;
				CLANG_ANALYZER_NONNULL = YES;
				CLANG_ANALYZER_NUMBER_OBJECT_CONVERSION = YES_AGGRESSIVE;
				CLANG_CXX_LANGUAGE_STANDARD = "gnu++20";
				CLANG_ENABLE_MODULES = YES;
				CLANG_ENABLE_OBJC_ARC = YES;
				CLANG_ENABLE_OBJC_WEAK = YES;
				CLANG_WARN_BLOCK_CAPTURE_AUTORELEASING = YES;
				CLANG_WARN_BOOL_CONVERSION = YES;
				CLANG_WARN_COMMA = YES;
				CLANG_WARN_CONSTANT_CONVERSION = YES;
				CLANG_WARN_DEPRECATED_OBJC_IMPLEMENTATIONS = YES;
				CLANG_WARN_DIRECT_OBJC_ISA_USAGE = YES_ERROR;
				CLANG_WARN_DOCUMENTATION_COMMENTS = YES;
				CLANG_WARN_EMPTY_BODY = YES;
				CLANG_WARN_ENUM_CONVERSION = YES;
				CLANG_WARN_INFINITE_RECURSION = YES;
				CLANG_WARN_INT_CONVERSION = YES;
				CLANG_WARN_NON_LITERAL_NULL_CONVERSION = YES;
				CLANG_WARN_OBJC_IMPLICIT_RETAIN_SELF = YES;
				CLANG_WARN_OBJC_LITERAL_CONVERSION = YES;
				CLANG_WARN_OBJC_ROOT_CLASS = YES_ERROR;
				CLANG_WARN_QUOTED_INCLUDE_IN_FRAMEWORK_HEADER = YES;
				CLANG_WARN_RANGE_LOOP_ANALYSIS = YES;
				CLANG_WARN_STRICT_PROTOTYPES = YES;
				CLANG_WARN_SUSPICIOUS_MOVE = YES;
				CLANG_WARN_UNGUARDED_AVAILABILITY = YES_AGGRESSIVE;
				CLANG_WARN_UNREACHABLE_CODE = YES;
				CLANG_WARN__DUPLICATE_METHOD_MATCH = YES;
				COPY_PHASE_STRIP = NO;
				DEBUG_INFORMATION_FORMAT = dwarf;
				ENABLE_STRICT_OBJC_MSGSEND = YES;
				ENABLE_TESTABILITY = YES;
				ENABLE_USER_SCRIPT_SANDBOXING = YES;
				GCC_C_LANGUAGE_STANDARD = gnu17;
				GCC_DYNAMIC_NO_PIC = NO;
				GCC_NO_COMMON_BLOCKS = YES;
				GCC_OPTIMIZATION_LEVEL = 0;
				GCC_PREPROCESSOR_DEFINITIONS = (
					"DEBUG=1",
					"$(inherited)",
				);
				GCC_WARN_64_TO_32_BIT_CONVERSION = YES;
				GCC_WARN_ABOUT_RETURN_TYPE = YES_ERROR;
				GCC_WARN_UNDECLARED_SELECTOR = YES;
				GCC_WARN_UNINITIALIZED_AUTOS = YES_AGGRESSIVE;
				GCC_WARN_UNUSED_FUNCTION = YES;
				GCC_WARN_UNUSED_VARIABLE = YES;
				IPHONEOS_DEPLOYMENT_TARGET = 17.4;
				LOCALIZATION_PREFERS_STRING_CATALOGS = YES;
				MTL_ENABLE_DEBUG_INFO = INCLUDE_SOURCE;
				MTL_FAST_MATH = YES;
				ONLY_ACTIVE_ARCH = YES;
				SDKROOT = iphoneos;
				SWIFT_ACTIVE_COMPILATION_CONDITIONS = "DEBUG $(inherited)";
				SWIFT_OPTIMIZATION_LEVEL = "-Onone";
			};
			name = Debug;
		};
		83E728A62BB088F300ADCEB2 /* Release */ = {
			isa = XCBuildConfiguration;
			buildSettings = {
				ALWAYS_SEARCH_USER_PATHS = NO;
				ASSETCATALOG_COMPILER_GENERATE_SWIFT_ASSET_SYMBOL_EXTENSIONS = YES;
				CLANG_ANALYZER_NONNULL = YES;
				CLANG_ANALYZER_NUMBER_OBJECT_CONVERSION = YES_AGGRESSIVE;
				CLANG_CXX_LANGUAGE_STANDARD = "gnu++20";
				CLANG_ENABLE_MODULES = YES;
				CLANG_ENABLE_OBJC_ARC = YES;
				CLANG_ENABLE_OBJC_WEAK = YES;
				CLANG_WARN_BLOCK_CAPTURE_AUTORELEASING = YES;
				CLANG_WARN_BOOL_CONVERSION = YES;
				CLANG_WARN_COMMA = YES;
				CLANG_WARN_CONSTANT_CONVERSION = YES;
				CLANG_WARN_DEPRECATED_OBJC_IMPLEMENTATIONS = YES;
				CLANG_WARN_DIRECT_OBJC_ISA_USAGE = YES_ERROR;
				CLANG_WARN_DOCUMENTATION_COMMENTS = YES;
				CLANG_WARN_EMPTY_BODY = YES;
				CLANG_WARN_ENUM_CONVERSION = YES;
				CLANG_WARN_INFINITE_RECURSION = YES;
				CLANG_WARN_INT_CONVERSION = YES;
				CLANG_WARN_NON_LITERAL_NULL_CONVERSION = YES;
				CLANG_WARN_OBJC_IMPLICIT_RETAIN_SELF = YES;
				CLANG_WARN_OBJC_LITERAL_CONVERSION = YES;
				CLANG_WARN_OBJC_ROOT_CLASS = YES_ERROR;
				CLANG_WARN_QUOTED_INCLUDE_IN_FRAMEWORK_HEADER = YES;
				CLANG_WARN_RANGE_LOOP_ANALYSIS = YES;
				CLANG_WARN_STRICT_PROTOTYPES = YES;
				CLANG_WARN_SUSPICIOUS_MOVE = YES;
				CLANG_WARN_UNGUARDED_AVAILABILITY = YES_AGGRESSIVE;
				CLANG_WARN_UNREACHABLE_CODE = YES;
				CLANG_WARN__DUPLICATE_METHOD_MATCH = YES;
				COPY_PHASE_STRIP = NO;
				DEBUG_INFORMATION_FORMAT = "dwarf-with-dsym";
				ENABLE_NS_ASSERTIONS = NO;
				ENABLE_STRICT_OBJC_MSGSEND = YES;
				ENABLE_USER_SCRIPT_SANDBOXING = YES;
				GCC_C_LANGUAGE_STANDARD = gnu17;
				GCC_NO_COMMON_BLOCKS = YES;
				GCC_WARN_64_TO_32_BIT_CONVERSION = YES;
				GCC_WARN_ABOUT_RETURN_TYPE = YES_ERROR;
				GCC_WARN_UNDECLARED_SELECTOR = YES;
				GCC_WARN_UNINITIALIZED_AUTOS = YES_AGGRESSIVE;
				GCC_WARN_UNUSED_FUNCTION = YES;
				GCC_WARN_UNUSED_VARIABLE = YES;
				IPHONEOS_DEPLOYMENT_TARGET = 17.4;
				LOCALIZATION_PREFERS_STRING_CATALOGS = YES;
				MTL_ENABLE_DEBUG_INFO = NO;
				MTL_FAST_MATH = YES;
				SDKROOT = iphoneos;
				SWIFT_COMPILATION_MODE = wholemodule;
				VALIDATE_PRODUCT = YES;
			};
			name = Release;
		};
		83E728A82BB088F300ADCEB2 /* Debug */ = {
			isa = XCBuildConfiguration;
			buildSettings = {
				ASSETCATALOG_COMPILER_APPICON_NAME = AppIcon;
				ASSETCATALOG_COMPILER_GLOBAL_ACCENT_COLOR_NAME = AccentColor;
				CODE_SIGN_STYLE = Automatic;
				CURRENT_PROJECT_VERSION = 1;
				DEVELOPMENT_ASSET_PATHS = "\"inventoryproios/Preview Content\"";
				ENABLE_PREVIEWS = YES;
				GENERATE_INFOPLIST_FILE = YES;
				INFOPLIST_KEY_UIApplicationSceneManifest_Generation = YES;
				INFOPLIST_KEY_UIApplicationSupportsIndirectInputEvents = YES;
				INFOPLIST_KEY_UILaunchScreen_Generation = YES;
				INFOPLIST_KEY_UISupportedInterfaceOrientations_iPad = "UIInterfaceOrientationPortrait UIInterfaceOrientationPortraitUpsideDown UIInterfaceOrientationLandscapeLeft UIInterfaceOrientationLandscapeRight";
				INFOPLIST_KEY_UISupportedInterfaceOrientations_iPhone = "UIInterfaceOrientationPortrait UIInterfaceOrientationLandscapeLeft UIInterfaceOrientationLandscapeRight";
				IPHONEOS_DEPLOYMENT_TARGET = 17.0;
				LD_RUNPATH_SEARCH_PATHS = (
					"$(inherited)",
					"@executable_path/Frameworks",
				);
				MARKETING_VERSION = 1.0;
				PRODUCT_BUNDLE_IDENTIFIER = utec.inventoryproios;
				PRODUCT_NAME = "$(TARGET_NAME)";
				SWIFT_EMIT_LOC_STRINGS = YES;
				SWIFT_VERSION = 5.0;
				TARGETED_DEVICE_FAMILY = "1,2";
			};
			name = Debug;
		};
		83E728A92BB088F300ADCEB2 /* Release */ = {
			isa = XCBuildConfiguration;
			buildSettings = {
				ASSETCATALOG_COMPILER_APPICON_NAME = AppIcon;
				ASSETCATALOG_COMPILER_GLOBAL_ACCENT_COLOR_NAME = AccentColor;
				CODE_SIGN_STYLE = Automatic;
				CURRENT_PROJECT_VERSION = 1;
				DEVELOPMENT_ASSET_PATHS = "\"inventoryproios/Preview Content\"";
				ENABLE_PREVIEWS = YES;
				GENERATE_INFOPLIST_FILE = YES;
				INFOPLIST_KEY_UIApplicationSceneManifest_Generation = YES;
				INFOPLIST_KEY_UIApplicationSupportsIndirectInputEvents = YES;
				INFOPLIST_KEY_UILaunchScreen_Generation = YES;
				INFOPLIST_KEY_UISupportedInterfaceOrientations_iPad = "UIInterfaceOrientationPortrait UIInterfaceOrientationPortraitUpsideDown UIInterfaceOrientationLandscapeLeft UIInterfaceOrientationLandscapeRight";
				INFOPLIST_KEY_UISupportedInterfaceOrientations_iPhone = "UIInterfaceOrientationPortrait UIInterfaceOrientationLandscapeLeft UIInterfaceOrientationLandscapeRight";
				IPHONEOS_DEPLOYMENT_TARGET = 17.0;
				LD_RUNPATH_SEARCH_PATHS = (
					"$(inherited)",
					"@executable_path/Frameworks",
				);
				MARKETING_VERSION = 1.0;
				PRODUCT_BUNDLE_IDENTIFIER = utec.inventoryproios;
				PRODUCT_NAME = "$(TARGET_NAME)";
				SWIFT_EMIT_LOC_STRINGS = YES;
				SWIFT_VERSION = 5.0;
				TARGETED_DEVICE_FAMILY = "1,2";
			};
			name = Release;
		};
		83E728AB2BB088F300ADCEB2 /* Debug */ = {
			isa = XCBuildConfiguration;
			buildSettings = {
				ALWAYS_EMBED_SWIFT_STANDARD_LIBRARIES = YES;
				BUNDLE_LOADER = "$(TEST_HOST)";
				CLANG_ENABLE_MODULES = YES;
				CODE_SIGN_STYLE = Automatic;
				CURRENT_PROJECT_VERSION = 1;
				GENERATE_INFOPLIST_FILE = YES;
				IPHONEOS_DEPLOYMENT_TARGET = 16.0;
				MARKETING_VERSION = 1.0;
				PRODUCT_BUNDLE_IDENTIFIER = utec.inventoryproiosTests;
				PRODUCT_NAME = "$(TARGET_NAME)";
				SWIFT_EMIT_LOC_STRINGS = NO;
				SWIFT_OBJC_BRIDGING_HEADER = "inventoryproios/Preview Content/inventoryproiosTests-Bridging-Header.h";
				SWIFT_OPTIMIZATION_LEVEL = "-Onone";
				SWIFT_VERSION = 5.0;
				TARGETED_DEVICE_FAMILY = "1,2";
				TEST_HOST = "$(BUILT_PRODUCTS_DIR)/inventoryproios.app/$(BUNDLE_EXECUTABLE_FOLDER_PATH)/inventoryproios";
			};
			name = Debug;
		};
		83E728AC2BB088F300ADCEB2 /* Release */ = {
			isa = XCBuildConfiguration;
			buildSettings = {
				ALWAYS_EMBED_SWIFT_STANDARD_LIBRARIES = YES;
				BUNDLE_LOADER = "$(TEST_HOST)";
				CLANG_ENABLE_MODULES = YES;
				CODE_SIGN_STYLE = Automatic;
				CURRENT_PROJECT_VERSION = 1;
				GENERATE_INFOPLIST_FILE = YES;
				IPHONEOS_DEPLOYMENT_TARGET = 16.0;
				MARKETING_VERSION = 1.0;
				PRODUCT_BUNDLE_IDENTIFIER = utec.inventoryproiosTests;
				PRODUCT_NAME = "$(TARGET_NAME)";
				SWIFT_EMIT_LOC_STRINGS = NO;
				SWIFT_OBJC_BRIDGING_HEADER = "inventoryproios/Preview Content/inventoryproiosTests-Bridging-Header.h";
				SWIFT_VERSION = 5.0;
				TARGETED_DEVICE_FAMILY = "1,2";
				TEST_HOST = "$(BUILT_PRODUCTS_DIR)/inventoryproios.app/$(BUNDLE_EXECUTABLE_FOLDER_PATH)/inventoryproios";
			};
			name = Release;
		};
		83E728AE2BB088F300ADCEB2 /* Debug */ = {
			isa = XCBuildConfiguration;
			buildSettings = {
				ALWAYS_EMBED_SWIFT_STANDARD_LIBRARIES = YES;
				CODE_SIGN_STYLE = Automatic;
				CURRENT_PROJECT_VERSION = 1;
				GENERATE_INFOPLIST_FILE = YES;
				IPHONEOS_DEPLOYMENT_TARGET = 16.0;
				MARKETING_VERSION = 1.0;
				PRODUCT_BUNDLE_IDENTIFIER = utec.inventoryproiosUITests;
				PRODUCT_NAME = "$(TARGET_NAME)";
				SWIFT_EMIT_LOC_STRINGS = NO;
				SWIFT_VERSION = 5.0;
				TARGETED_DEVICE_FAMILY = "1,2";
				TEST_TARGET_NAME = inventoryproios;
			};
			name = Debug;
		};
		83E728AF2BB088F300ADCEB2 /* Release */ = {
			isa = XCBuildConfiguration;
			buildSettings = {
				ALWAYS_EMBED_SWIFT_STANDARD_LIBRARIES = YES;
				CODE_SIGN_STYLE = Automatic;
				CURRENT_PROJECT_VERSION = 1;
				GENERATE_INFOPLIST_FILE = YES;
				IPHONEOS_DEPLOYMENT_TARGET = 16.0;
				MARKETING_VERSION = 1.0;
				PRODUCT_BUNDLE_IDENTIFIER = utec.inventoryproiosUITests;
				PRODUCT_NAME = "$(TARGET_NAME)";
				SWIFT_EMIT_LOC_STRINGS = NO;
				SWIFT_VERSION = 5.0;
				TARGETED_DEVICE_FAMILY = "1,2";
				TEST_TARGET_NAME = inventoryproios;
			};
			name = Release;
		};
/* End XCBuildConfiguration section */

/* Begin XCConfigurationList section */
		83E7287E2BB088F100ADCEB2 /* Build configuration list for PBXProject "inventoryproios" */ = {
			isa = XCConfigurationList;
			buildConfigurations = (
				83E728A52BB088F300ADCEB2 /* Debug */,
				83E728A62BB088F300ADCEB2 /* Release */,
			);
			defaultConfigurationIsVisible = 0;
			defaultConfigurationName = Release;
		};
		83E728A72BB088F300ADCEB2 /* Build configuration list for PBXNativeTarget "inventoryproios" */ = {
			isa = XCConfigurationList;
			buildConfigurations = (
				83E728A82BB088F300ADCEB2 /* Debug */,
				83E728A92BB088F300ADCEB2 /* Release */,
			);
			defaultConfigurationIsVisible = 0;
			defaultConfigurationName = Release;
		};
		83E728AA2BB088F300ADCEB2 /* Build configuration list for PBXNativeTarget "inventoryproiosTests" */ = {
			isa = XCConfigurationList;
			buildConfigurations = (
				83E728AB2BB088F300ADCEB2 /* Debug */,
				83E728AC2BB088F300ADCEB2 /* Release */,
			);
			defaultConfigurationIsVisible = 0;
			defaultConfigurationName = Release;
		};
		83E728AD2BB088F300ADCEB2 /* Build configuration list for PBXNativeTarget "inventoryproiosUITests" */ = {
			isa = XCConfigurationList;
			buildConfigurations = (
				83E728AE2BB088F300ADCEB2 /* Debug */,
				83E728AF2BB088F300ADCEB2 /* Release */,
			);
			defaultConfigurationIsVisible = 0;
			defaultConfigurationName = Release;
		};
/* End XCConfigurationList section */

/* Begin XCRemoteSwiftPackageReference section */
		834D88B82BB0C82900656167 /* XCRemoteSwiftPackageReference "firebase-ios-sdk" */ = {
			isa = XCRemoteSwiftPackageReference;
			repositoryURL = "https://github.com/firebase/firebase-ios-sdk";
			requirement = {
				kind = upToNextMajorVersion;
				minimumVersion = 10.23.0;
			};
		};
		8385C4582BCDC7C200A97444 /* XCRemoteSwiftPackageReference "Toast-Swift" */ = {
			isa = XCRemoteSwiftPackageReference;
			repositoryURL = "https://github.com/scalessec/Toast-Swift";
			requirement = {
				kind = upToNextMajorVersion;
				minimumVersion = 5.1.1;
			};
		};
		83AAEA2D2BF26FED0077D9B2 /* XCRemoteSwiftPackageReference "SDWebImageSwiftUI" */ = {
			isa = XCRemoteSwiftPackageReference;
			repositoryURL = "https://github.com/SDWebImage/SDWebImageSwiftUI.git";
			requirement = {
				kind = upToNextMajorVersion;
				minimumVersion = 3.0.4;
			};
		};
/* End XCRemoteSwiftPackageReference section */

/* Begin XCSwiftPackageProductDependency section */
		810148C62BBCF98000803E2A /* FirebaseAnalytics */ = {
			isa = XCSwiftPackageProductDependency;
			productName = FirebaseAnalytics;
		};
		810148C82BBCF98000803E2A /* FirebaseAnalyticsOnDeviceConversion */ = {
			isa = XCSwiftPackageProductDependency;
			productName = FirebaseAnalyticsOnDeviceConversion;
		};
		810148CA2BBCF98000803E2A /* FirebaseAnalyticsSwift */ = {
			isa = XCSwiftPackageProductDependency;
			productName = FirebaseAnalyticsSwift;
		};
		810148CC2BBCF98000803E2A /* FirebaseAnalyticsWithoutAdIdSupport */ = {
			isa = XCSwiftPackageProductDependency;
			productName = FirebaseAnalyticsWithoutAdIdSupport;
		};
		810148CE2BBCF98000803E2A /* FirebaseAppCheck */ = {
			isa = XCSwiftPackageProductDependency;
			productName = FirebaseAppCheck;
		};
		834D88B92BB0C82900656167 /* FirebaseAuth */ = {
			isa = XCSwiftPackageProductDependency;
			package = 834D88B82BB0C82900656167 /* XCRemoteSwiftPackageReference "firebase-ios-sdk" */;
			productName = FirebaseAuth;
		};
		83AAEA2E2BF26FED0077D9B2 /* SDWebImageSwiftUI */ = {
			isa = XCSwiftPackageProductDependency;
			package = 83AAEA2D2BF26FED0077D9B2 /* XCRemoteSwiftPackageReference "SDWebImageSwiftUI" */;
			productName = SDWebImageSwiftUI;
		};
		83CAF4C32BCED593003F6962 /* FirebaseDatabase */ = {
			isa = XCSwiftPackageProductDependency;
			productName = FirebaseDatabase;
		};
		83CAF4C52BCED593003F6962 /* FirebaseFirestore */ = {
			isa = XCSwiftPackageProductDependency;
			productName = FirebaseFirestore;
		};
		83CAF4C72BCED593003F6962 /* FirebaseStorage */ = {
			isa = XCSwiftPackageProductDependency;
			productName = FirebaseStorage;
		};
/* End XCSwiftPackageProductDependency section */
	};
	rootObject = 83E7287B2BB088F100ADCEB2 /* Project object */;
}
